
Microsoft Visual Studio Solution File, Format Version 12.00
# Visual Studio Version 16
VisualStudioVersion = 16.0.29609.76
MinimumVisualStudioVersion = 10.0.40219.1
Project("{9A19103F-16F7-4668-BE54-9A1E7A4F7556}") = "Review.API", "Review.API\Review.API.csproj", "{78957839-B992-4003-8060-A6AEF828F7EE}"
EndProject
Project("{FAE04EC0-301F-11D3-BF4B-00C04F79EFBC}") = "Review.API.Tests", "Review.API.Tests\Review.API.Tests.csproj", "{31941068-CC80-4276-891F-453119E2867B}"
EndProject
Global
	GlobalSection(SolutionConfigurationPlatforms) = preSolution
		Debug|Any CPU = Debug|Any CPU
		Release|Any CPU = Release|Any CPU
	EndGlobalSection
	GlobalSection(ProjectConfigurationPlatforms) = postSolution
		{78957839-B992-4003-8060-A6AEF828F7EE}.Debug|Any CPU.ActiveCfg = Debug|Any CPU
		{78957839-B992-4003-8060-A6AEF828F7EE}.Debug|Any CPU.Build.0 = Debug|Any CPU
		{78957839-B992-4003-8060-A6AEF828F7EE}.Release|Any CPU.ActiveCfg = Release|Any CPU
		{78957839-B992-4003-8060-A6AEF828F7EE}.Release|Any CPU.Build.0 = Release|Any CPU
		{31941068-CC80-4276-891F-453119E2867B}.Debug|Any CPU.ActiveCfg = Debug|Any CPU
		{31941068-CC80-4276-891F-453119E2867B}.Debug|Any CPU.Build.0 = Debug|Any CPU
		{31941068-CC80-4276-891F-453119E2867B}.Release|Any CPU.ActiveCfg = Release|Any CPU
		{31941068-CC80-4276-891F-453119E2867B}.Release|Any CPU.Build.0 = Release|Any CPU
	EndGlobalSection
	GlobalSection(SolutionProperties) = preSolution
		HideSolutionNode = FALSE
	EndGlobalSection
	GlobalSection(ExtensibilityGlobals) = postSolution
		SolutionGuid = {1E4E7156-1A6A-4EFE-815D-368DB36F9318}
	EndGlobalSection
EndGlobal
